// !$*UTF8*$!
{
	archiveVersion = 1;
	classes = {
	};
	objectVersion = 46;
	objects = {

/* Begin PBXBuildFile section */
		9A34ECB31BFF1D2A003753A1 /* main.m in Sources */ = {isa = PBXBuildFile; fileRef = 9A34ECB21BFF1D2A003753A1 /* main.m */; };
		9A34ECB61BFF1D2A003753A1 /* AppDelegate.m in Sources */ = {isa = PBXBuildFile; fileRef = 9A34ECB51BFF1D2A003753A1 /* AppDelegate.m */; };
		9A34ECBE1BFF1D2A003753A1 /* Assets.xcassets in Resources */ = {isa = PBXBuildFile; fileRef = 9A34ECBD1BFF1D2A003753A1 /* Assets.xcassets */; };
		9A34ECC11BFF1D2A003753A1 /* LaunchScreen.storyboard in Resources */ = {isa = PBXBuildFile; fileRef = 9A34ECBF1BFF1D2A003753A1 /* LaunchScreen.storyboard */; };
		9A34ECCC1BFF1D2A003753A1 /* QQListTests.m in Sources */ = {isa = PBXBuildFile; fileRef = 9A34ECCB1BFF1D2A003753A1 /* QQListTests.m */; };
		9A34ECD71BFF1D2A003753A1 /* QQListUITests.m in Sources */ = {isa = PBXBuildFile; fileRef = 9A34ECD61BFF1D2A003753A1 /* QQListUITests.m */; };
		9A34ECE61BFF1D70003753A1 /* LQViewController.m in Sources */ = {isa = PBXBuildFile; fileRef = 9A34ECE51BFF1D70003753A1 /* LQViewController.m */; settings = {ASSET_TAGS = (); }; };
		9A34ECEB1BFF2022003753A1 /* friends.plist in Resources */ = {isa = PBXBuildFile; fileRef = 9A34ECEA1BFF2022003753A1 /* friends.plist */; settings = {ASSET_TAGS = (); }; };
		9A34ECF01BFF2119003753A1 /* LQFriend.m in Sources */ = {isa = PBXBuildFile; fileRef = 9A34ECEF1BFF2119003753A1 /* LQFriend.m */; settings = {ASSET_TAGS = (); }; };
		9A34ECF31BFF236B003753A1 /* LQFriendGroup.m in Sources */ = {isa = PBXBuildFile; fileRef = 9A34ECF21BFF236B003753A1 /* LQFriendGroup.m */; settings = {ASSET_TAGS = (); }; };
		9AD035D01BFF558E0047B918 /* LQHeaderView.m in Sources */ = {isa = PBXBuildFile; fileRef = 9AD035CF1BFF558E0047B918 /* LQHeaderView.m */; settings = {ASSET_TAGS = (); }; };
/* End PBXBuildFile section */

/* Begin PBXContainerItemProxy section */
		9A34ECC81BFF1D2A003753A1 /* PBXContainerItemProxy */ = {
			isa = PBXContainerItemProxy;
			containerPortal = 9A34ECA61BFF1D2A003753A1 /* Project object */;
			proxyType = 1;
			remoteGlobalIDString = 9A34ECAD1BFF1D2A003753A1;
			remoteInfo = QQList;
		};
		9A34ECD31BFF1D2A003753A1 /* PBXContainerItemProxy */ = {
			isa = PBXContainerItemProxy;
			containerPortal = 9A34ECA61BFF1D2A003753A1 /* Project object */;
			proxyType = 1;
			remoteGlobalIDString = 9A34ECAD1BFF1D2A003753A1;
			remoteInfo = QQList;
		};
/* End PBXContainerItemProxy section */

/* Begin PBXFileReference section */
		9A34ECAE1BFF1D2A003753A1 /* QQList.app */ = {isa = PBXFileReference; explicitFileType = wrapper.application; includeInIndex = 0; path = QQList.app; sourceTree = BUILT_PRODUCTS_DIR; };
		9A34ECB21BFF1D2A003753A1 /* main.m */ = {isa = PBXFileReference; lastKnownFileType = sourcecode.c.objc; path = main.m; sourceTree = "<group>"; };
		9A34ECB41BFF1D2A003753A1 /* AppDelegate.h */ = {isa = PBXFileReference; lastKnownFileType = sourcecode.c.h; path = AppDelegate.h; sourceTree = "<group>"; };
		9A34ECB51BFF1D2A003753A1 /* AppDelegate.m */ = {isa = PBXFileReference; lastKnownFileType = sourcecode.c.objc; path = AppDelegate.m; sourceTree = "<group>"; };
		9A34ECBD1BFF1D2A003753A1 /* Assets.xcassets */ = {isa = PBXFileReference; lastKnownFileType = folder.assetcatalog; path = Assets.xcassets; sourceTree = "<group>"; };
		9A34ECC01BFF1D2A003753A1 /* Base */ = {isa = PBXFileReference; lastKnownFileType = file.storyboard; name = Base; path = Base.lproj/LaunchScreen.storyboard; sourceTree = "<group>"; };
		9A34ECC21BFF1D2A003753A1 /* Info.plist */ = {isa = PBXFileReference; lastKnownFileType = text.plist.xml; path = Info.plist; sourceTree = "<group>"; };
		9A34ECC71BFF1D2A003753A1 /* QQListTests.xctest */ = {isa = PBXFileReference; explicitFileType = wrapper.cfbundle; includeInIndex = 0; path = QQListTests.xctest; sourceTree = BUILT_PRODUCTS_DIR; };
		9A34ECCB1BFF1D2A003753A1 /* QQListTests.m */ = {isa = PBXFileReference; lastKnownFileType = sourcecode.c.objc; path = QQListTests.m; sourceTree = "<group>"; };
		9A34ECCD1BFF1D2A003753A1 /* Info.plist */ = {isa = PBXFileReference; lastKnownFileType = text.plist.xml; path = Info.plist; sourceTree = "<group>"; };
		9A34ECD21BFF1D2A003753A1 /* QQListUITests.xctest */ = {isa = PBXFileReference; explicitFileType = wrapper.cfbundle; includeInIndex = 0; path = QQListUITests.xctest; sourceTree = BUILT_PRODUCTS_DIR; };
		9A34ECD61BFF1D2A003753A1 /* QQListUITests.m */ = {isa = PBXFileReference; lastKnownFileType = sourcecode.c.objc; path = QQListUITests.m; sourceTree = "<group>"; };
		9A34ECD81BFF1D2A003753A1 /* Info.plist */ = {isa = PBXFileReference; lastKnownFileType = text.plist.xml; path = Info.plist; sourceTree = "<group>"; };
		9A34ECE41BFF1D70003753A1 /* LQViewController.h */ = {isa = PBXFileReference; fileEncoding = 4; lastKnownFileType = sourcecode.c.h; path = LQViewController.h; sourceTree = "<group>"; };
		9A34ECE51BFF1D70003753A1 /* LQViewController.m */ = {isa = PBXFileReference; fileEncoding = 4; lastKnownFileType = sourcecode.c.objc; path = LQViewController.m; sourceTree = "<group>"; };
		9A34ECEA1BFF2022003753A1 /* friends.plist */ = {isa = PBXFileReference; fileEncoding = 4; lastKnownFileType = text.plist.xml; path = friends.plist; sourceTree = "<group>"; };
		9A34ECEE1BFF2119003753A1 /* LQFriend.h */ = {isa = PBXFileReference; fileEncoding = 4; lastKnownFileType = sourcecode.c.h; path = LQFriend.h; sourceTree = "<group>"; };
		9A34ECEF1BFF2119003753A1 /* LQFriend.m */ = {isa = PBXFileReference; fileEncoding = 4; lastKnownFileType = sourcecode.c.objc; path = LQFriend.m; sourceTree = "<group>"; };
		9A34ECF11BFF236B003753A1 /* LQFriendGroup.h */ = {isa = PBXFileReference; fileEncoding = 4; lastKnownFileType = sourcecode.c.h; path = LQFriendGroup.h; sourceTree = "<group>"; };
		9A34ECF21BFF236B003753A1 /* LQFriendGroup.m */ = {isa = PBXFileReference; fileEncoding = 4; lastKnownFileType = sourcecode.c.objc; path = LQFriendGroup.m; sourceTree = "<group>"; };
		9AD035CE1BFF558E0047B918 /* LQHeaderView.h */ = {isa = PBXFileReference; fileEncoding = 4; lastKnownFileType = sourcecode.c.h; path = LQHeaderView.h; sourceTree = "<group>"; };
		9AD035CF1BFF558E0047B918 /* LQHeaderView.m */ = {isa = PBXFileReference; fileEncoding = 4; lastKnownFileType = sourcecode.c.objc; path = LQHeaderView.m; sourceTree = "<group>"; };
/* End PBXFileReference section */

/* Begin PBXFrameworksBuildPhase section */
		9A34ECAB1BFF1D2A003753A1 /* Frameworks */ = {
			isa = PBXFrameworksBuildPhase;
			buildActionMask = 2147483647;
			files = (
			);
			runOnlyForDeploymentPostprocessing = 0;
		};
		9A34ECC41BFF1D2A003753A1 /* Frameworks */ = {
			isa = PBXFrameworksBuildPhase;
			buildActionMask = 2147483647;
			files = (
			);
			runOnlyForDeploymentPostprocessing = 0;
		};
		9A34ECCF1BFF1D2A003753A1 /* Frameworks */ = {
			isa = PBXFrameworksBuildPhase;
			buildActionMask = 2147483647;
			files = (
			);
			runOnlyForDeploymentPostprocessing = 0;
		};
/* End PBXFrameworksBuildPhase section */

/* Begin PBXGroup section */
		9A34ECA51BFF1D2A003753A1 = {
			isa = PBXGroup;
			children = (
				9A34ECB01BFF1D2A003753A1 /* QQList */,
				9A34ECCA1BFF1D2A003753A1 /* QQListTests */,
				9A34ECD51BFF1D2A003753A1 /* QQListUITests */,
				9A34ECAF1BFF1D2A003753A1 /* Products */,
			);
			sourceTree = "<group>";
		};
		9A34ECAF1BFF1D2A003753A1 /* Products */ = {
			isa = PBXGroup;
			children = (
				9A34ECAE1BFF1D2A003753A1 /* QQList.app */,
				9A34ECC71BFF1D2A003753A1 /* QQListTests.xctest */,
				9A34ECD21BFF1D2A003753A1 /* QQListUITests.xctest */,
			);
			name = Products;
			sourceTree = "<group>";
		};
		9A34ECB01BFF1D2A003753A1 /* QQList */ = {
			isa = PBXGroup;
			children = (
				9AD035CD1BFF55690047B918 /* View */,
				9A34ECED1BFF2076003753A1 /* Model */,
				9A34ECEC1BFF206C003753A1 /* Controller */,
				9A34ECB41BFF1D2A003753A1 /* AppDelegate.h */,
				9A34ECB51BFF1D2A003753A1 /* AppDelegate.m */,
				9A34ECBD1BFF1D2A003753A1 /* Assets.xcassets */,
				9A34ECBF1BFF1D2A003753A1 /* LaunchScreen.storyboard */,
				9A34ECC21BFF1D2A003753A1 /* Info.plist */,
				9A34ECB11BFF1D2A003753A1 /* Supporting Files */,
			);
			path = QQList;
			sourceTree = "<group>";
		};
		9A34ECB11BFF1D2A003753A1 /* Supporting Files */ = {
			isa = PBXGroup;
			children = (
				9A34ECEA1BFF2022003753A1 /* friends.plist */,
				9A34ECB21BFF1D2A003753A1 /* main.m */,
			);
			name = "Supporting Files";
			sourceTree = "<group>";
		};
		9A34ECCA1BFF1D2A003753A1 /* QQListTests */ = {
			isa = PBXGroup;
			children = (
				9A34ECCB1BFF1D2A003753A1 /* QQListTests.m */,
				9A34ECCD1BFF1D2A003753A1 /* Info.plist */,
			);
			path = QQListTests;
			sourceTree = "<group>";
		};
		9A34ECD51BFF1D2A003753A1 /* QQListUITests */ = {
			isa = PBXGroup;
			children = (
				9A34ECD61BFF1D2A003753A1 /* QQListUITests.m */,
				9A34ECD81BFF1D2A003753A1 /* Info.plist */,
			);
			path = QQListUITests;
			sourceTree = "<group>";
		};
		9A34ECEC1BFF206C003753A1 /* Controller */ = {
			isa = PBXGroup;
			children = (
				9A34ECE41BFF1D70003753A1 /* LQViewController.h */,
				9A34ECE51BFF1D70003753A1 /* LQViewController.m */,
			);
			name = Controller;
			sourceTree = "<group>";
		};
		9A34ECED1BFF2076003753A1 /* Model */ = {
			isa = PBXGroup;
			children = (
				9A34ECEE1BFF2119003753A1 /* LQFriend.h */,
				9A34ECEF1BFF2119003753A1 /* LQFriend.m */,
				9A34ECF11BFF236B003753A1 /* LQFriendGroup.h */,
				9A34ECF21BFF236B003753A1 /* LQFriendGroup.m */,
			);
			name = Model;
			sourceTree = "<group>";
		};
		9AD035CD1BFF55690047B918 /* View */ = {
			isa = PBXGroup;
			children = (
				9AD035CE1BFF558E0047B918 /* LQHeaderView.h */,
				9AD035CF1BFF558E0047B918 /* LQHeaderView.m */,
			);
			name = View;
			sourceTree = "<group>";
		};
/* End PBXGroup section */

/* Begin PBXNativeTarget section */
		9A34ECAD1BFF1D2A003753A1 /* QQList */ = {
			isa = PBXNativeTarget;
			buildConfigurationList = 9A34ECDB1BFF1D2A003753A1 /* Build configuration list for PBXNativeTarget "QQList" */;
			buildPhases = (
				9A34ECAA1BFF1D2A003753A1 /* Sources */,
				9A34ECAB1BFF1D2A003753A1 /* Frameworks */,
				9A34ECAC1BFF1D2A003753A1 /* Resources */,
			);
			buildRules = (
			);
			dependencies = (
			);
			name = QQList;
			productName = QQList;
			productReference = 9A34ECAE1BFF1D2A003753A1 /* QQList.app */;
			productType = "com.apple.product-type.application";
		};
		9A34ECC61BFF1D2A003753A1 /* QQListTests */ = {
			isa = PBXNativeTarget;
			buildConfigurationList = 9A34ECDE1BFF1D2A003753A1 /* Build configuration list for PBXNativeTarget "QQListTests" */;
			buildPhases = (
				9A34ECC31BFF1D2A003753A1 /* Sources */,
				9A34ECC41BFF1D2A003753A1 /* Frameworks */,
				9A34ECC51BFF1D2A003753A1 /* Resources */,
			);
			buildRules = (
			);
			dependencies = (
				9A34ECC91BFF1D2A003753A1 /* PBXTargetDependency */,
			);
			name = QQListTests;
			productName = QQListTests;
			productReference = 9A34ECC71BFF1D2A003753A1 /* QQListTests.xctest */;
			productType = "com.apple.product-type.bundle.unit-test";
		};
		9A34ECD11BFF1D2A003753A1 /* QQListUITests */ = {
			isa = PBXNativeTarget;
			buildConfigurationList = 9A34ECE11BFF1D2A003753A1 /* Build configuration list for PBXNativeTarget "QQListUITests" */;
			buildPhases = (
				9A34ECCE1BFF1D2A003753A1 /* Sources */,
				9A34ECCF1BFF1D2A003753A1 /* Frameworks */,
				9A34ECD01BFF1D2A003753A1 /* Resources */,
			);
			buildRules = (
			);
			dependencies = (
				9A34ECD41BFF1D2A003753A1 /* PBXTargetDependency */,
			);
			name = QQListUITests;
			productName = QQListUITests;
			productReference = 9A34ECD21BFF1D2A003753A1 /* QQListUITests.xctest */;
			productType = "com.apple.product-type.bundle.ui-testing";
		};
/* End PBXNativeTarget section */

/* Begin PBXProject section */
		9A34ECA61BFF1D2A003753A1 /* Project object */ = {
			isa = PBXProject;
			attributes = {
				CLASSPREFIX = LQ;
				LastUpgradeCheck = 0700;
				ORGANIZATIONNAME = Tory;
				TargetAttributes = {
					9A34ECAD1BFF1D2A003753A1 = {
						CreatedOnToolsVersion = 7.0.1;
					};
					9A34ECC61BFF1D2A003753A1 = {
						CreatedOnToolsVersion = 7.0.1;
						TestTargetID = 9A34ECAD1BFF1D2A003753A1;
					};
					9A34ECD11BFF1D2A003753A1 = {
						CreatedOnToolsVersion = 7.0.1;
						TestTargetID = 9A34ECAD1BFF1D2A003753A1;
					};
				};
			};
			buildConfigurationList = 9A34ECA91BFF1D2A003753A1 /* Build configuration list for PBXProject "QQList" */;
			compatibilityVersion = "Xcode 3.2";
			developmentRegion = English;
			hasScannedForEncodings = 0;
			knownRegions = (
				en,
				Base,
			);
			mainGroup = 9A34ECA51BFF1D2A003753A1;
			productRefGroup = 9A34ECAF1BFF1D2A003753A1 /* Products */;
			projectDirPath = "";
			projectRoot = "";
			targets = (
				9A34ECAD1BFF1D2A003753A1 /* QQList */,
				9A34ECC61BFF1D2A003753A1 /* QQListTests */,
				9A34ECD11BFF1D2A003753A1 /* QQListUITests */,
			);
		};
/* End PBXProject section */

/* Begin PBXResourcesBuildPhase section */
		9A34ECAC1BFF1D2A003753A1 /* Resources */ = {
			isa = PBXResourcesBuildPhase;
			buildActionMask = 2147483647;
			files = (
				9A34ECC11BFF1D2A003753A1 /* LaunchScreen.storyboard in Resources */,
				9A34ECBE1BFF1D2A003753A1 /* Assets.xcassets in Resources */,
				9A34ECEB1BFF2022003753A1 /* friends.plist in Resources */,
			);
			runOnlyForDeploymentPostprocessing = 0;
		};
		9A34ECC51BFF1D2A003753A1 /* Resources */ = {
			isa = PBXResourcesBuildPhase;
			buildActionMask = 2147483647;
			files = (
			);
			runOnlyForDeploymentPostprocessing = 0;
		};
		9A34ECD01BFF1D2A003753A1 /* Resources */ = {
			isa = PBXResourcesBuildPhase;
			buildActionMask = 2147483647;
			files = (
			);
			runOnlyForDeploymentPostprocessing = 0;
		};
/* End PBXResourcesBuildPhase section */

/* Begin PBXSourcesBuildPhase section */
		9A34ECAA1BFF1D2A003753A1 /* Sources */ = {
			isa = PBXSourcesBuildPhase;
			buildActionMask = 2147483647;
			files = (
				9A34ECE61BFF1D70003753A1 /* LQViewController.m in Sources */,
				9A34ECB61BFF1D2A003753A1 /* AppDelegate.m in Sources */,
				9A34ECF01BFF2119003753A1 /* LQFriend.m in Sources */,
				9A34ECB31BFF1D2A003753A1 /* main.m in Sources */,
				9AD035D01BFF558E0047B918 /* LQHeaderView.m in Sources */,
				9A34ECF31BFF236B003753A1 /* LQFriendGroup.m in Sources */,
			);
			runOnlyForDeploymentPostprocessing = 0;
		};
		9A34ECC31BFF1D2A003753A1 /* Sources */ = {
			isa = PBXSourcesBuildPhase;
			buildActionMask = 2147483647;
			files = (
				9A34ECCC1BFF1D2A003753A1 /* QQListTests.m in Sources */,
			);
			runOnlyForDeploymentPostprocessing = 0;
		};
		9A34ECCE1BFF1D2A003753A1 /* Sources */ = {
			isa = PBXSourcesBuildPhase;
			buildActionMask = 2147483647;
			files = (
				9A34ECD71BFF1D2A003753A1 /* QQListUITests.m in Sources */,
			);
			runOnlyForDeploymentPostprocessing = 0;
		};
/* End PBXSourcesBuildPhase section */

/* Begin PBXTargetDependency section */
		9A34ECC91BFF1D2A003753A1 /* PBXTargetDependency */ = {
			isa = PBXTargetDependency;
			target = 9A34ECAD1BFF1D2A003753A1 /* QQList */;
			targetProxy = 9A34ECC81BFF1D2A003753A1 /* PBXContainerItemProxy */;
		};
		9A34ECD41BFF1D2A003753A1 /* PBXTargetDependency */ = {
			isa = PBXTargetDependency;
			target = 9A34ECAD1BFF1D2A003753A1 /* QQList */;
			targetProxy = 9A34ECD31BFF1D2A003753A1 /* PBXContainerItemProxy */;
		};
/* End PBXTargetDependency section */

/* Begin PBXVariantGroup section */
		9A34ECBF1BFF1D2A003753A1 /* LaunchScreen.storyboard */ = {
			isa = PBXVariantGroup;
			children = (
				9A34ECC01BFF1D2A003753A1 /* Base */,
			);
			name = LaunchScreen.storyboard;
			sourceTree = "<group>";
		};
/* End PBXVariantGroup section */

/* Begin XCBuildConfiguration section */
		9A34ECD91BFF1D2A003753A1 /* Debug */ = {
			isa = XCBuildConfiguration;
			buildSettings = {
				ALWAYS_SEARCH_USER_PATHS = NO;
				CLANG_CXX_LANGUAGE_STANDARD = "gnu++0x";
				CLANG_CXX_LIBRARY = "libc++";
				CLANG_ENABLE_MODULES = YES;
				CLANG_ENABLE_OBJC_ARC = YES;
				CLANG_WARN_BOOL_CONVERSION = YES;
				CLANG_WARN_CONSTANT_CONVERSION = YES;
				CLANG_WARN_DIRECT_OBJC_ISA_USAGE = YES_ERROR;
				CLANG_WARN_EMPTY_BODY = YES;
				CLANG_WARN_ENUM_CONVERSION = YES;
				CLANG_WARN_INT_CONVERSION = YES;
				CLANG_WARN_OBJC_ROOT_CLASS = YES_ERROR;
				CLANG_WARN_UNREACHABLE_CODE = YES;
				CLANG_WARN__DUPLICATE_METHOD_MATCH = YES;
				"CODE_SIGN_IDENTITY[sdk=iphoneos*]" = "iPhone Developer";
				COPY_PHASE_STRIP = NO;
				DEBUG_INFORMATION_FORMAT = dwarf;
				ENABLE_STRICT_OBJC_MSGSEND = YES;
				ENABLE_TESTABILITY = YES;
				GCC_C_LANGUAGE_STANDARD = gnu99;
				GCC_DYNAMIC_NO_PIC = NO;
				GCC_NO_COMMON_BLOCKS = YES;
				GCC_OPTIMIZATION_LEVEL = 0;
				GCC_PREPROCESSOR_DEFINITIONS = (
					"DEBUG=1",
					"$(inherited)",
				);
				GCC_WARN_64_TO_32_BIT_CONVERSION = YES;
				GCC_WARN_ABOUT_RETURN_TYPE = YES_ERROR;
				GCC_WARN_UNDECLARED_SELECTOR = YES;
				GCC_WARN_UNINITIALIZED_AUTOS = YES_AGGRESSIVE;
				GCC_WARN_UNUSED_FUNCTION = YES;
				GCC_WARN_UNUSED_VARIABLE = YES;
				IPHONEOS_DEPLOYMENT_TARGET = 9.0;
				MTL_ENABLE_DEBUG_INFO = YES;
				ONLY_ACTIVE_ARCH = YES;
				SDKROOT = iphoneos;
			};
			name = Debug;
		};
		9A34ECDA1BFF1D2A003753A1 /* Release */ = {
			isa = XCBuildConfiguration;
			buildSettings = {
				ALWAYS_SEARCH_USER_PATHS = NO;
				CLANG_CXX_LANGUAGE_STANDARD = "gnu++0x";
				CLANG_CXX_LIBRARY = "libc++";
				CLANG_ENABLE_MODULES = YES;
				CLANG_ENABLE_OBJC_ARC = YES;
				CLANG_WARN_BOOL_CONVERSION = YES;
				CLANG_WARN_CONSTANT_CONVERSION = YES;
				CLANG_WARN_DIRECT_OBJC_ISA_USAGE = YES_ERROR;
				CLANG_WARN_EMPTY_BODY = YES;
				CLANG_WARN_ENUM_CONVERSION = YES;
				CLANG_WARN_INT_CONVERSION = YES;
				CLANG_WARN_OBJC_ROOT_CLASS = YES_ERROR;
				CLANG_WARN_UNREACHABLE_CODE = YES;
				CLANG_WARN__DUPLICATE_METHOD_MATCH = YES;
				"CODE_SIGN_IDENTITY[sdk=iphoneos*]" = "iPhone Developer";
				COPY_PHASE_STRIP = NO;
				DEBUG_INFORMATION_FORMAT = "dwarf-with-dsym";
				ENABLE_NS_ASSERTIONS = NO;
				ENABLE_STRICT_OBJC_MSGSEND = YES;
				GCC_C_LANGUAGE_STANDARD = gnu99;
				GCC_NO_COMMON_BLOCKS = YES;
				GCC_WARN_64_TO_32_BIT_CONVERSION = YES;
				GCC_WARN_ABOUT_RETURN_TYPE = YES_ERROR;
				GCC_WARN_UNDECLARED_SELECTOR = YES;
				GCC_WARN_UNINITIALIZED_AUTOS = YES_AGGRESSIVE;
				GCC_WARN_UNUSED_FUNCTION = YES;
				GCC_WARN_UNUSED_VARIABLE = YES;
				IPHONEOS_DEPLOYMENT_TARGET = 9.0;
				MTL_ENABLE_DEBUG_INFO = NO;
				SDKROOT = iphoneos;
				VALIDATE_PRODUCT = YES;
			};
			name = Release;
		};
		9A34ECDC1BFF1D2A003753A1 /* Debug */ = {
			isa = XCBuildConfiguration;
			buildSettings = {
				ASSETCATALOG_COMPILER_APPICON_NAME = AppIcon;
				INFOPLIST_FILE = QQList/Info.plist;
				LD_RUNPATH_SEARCH_PATHS = "$(inherited) @executable_path/Frameworks";
				PRODUCT_BUNDLE_IDENTIFIER = cn.tory.QQList;
				PRODUCT_NAME = "$(TARGET_NAME)";
			};
			name = Debug;
		};
		9A34ECDD1BFF1D2A003753A1 /* Release */ = {
			isa = XCBuildConfiguration;
			buildSettings = {
				ASSETCATALOG_COMPILER_APPICON_NAME = AppIcon;
				INFOPLIST_FILE = QQList/Info.plist;
				LD_RUNPATH_SEARCH_PATHS = "$(inherited) @executable_path/Frameworks";
				PRODUCT_BUNDLE_IDENTIFIER = cn.tory.QQList;
				PRODUCT_NAME = "$(TARGET_NAME)";
			};
			name = Release;
		};
		9A34ECDF1BFF1D2A003753A1 /* Debug */ = {
			isa = XCBuildConfiguration;
			buildSettings = {
				BUNDLE_LOADER = "$(TEST_HOST)";
				INFOPLIST_FILE = QQListTests/Info.plist;
				LD_RUNPATH_SEARCH_PATHS = "$(inherited) @executable_path/Frameworks @loader_path/Frameworks";
				PRODUCT_BUNDLE_IDENTIFIER = cn.tory.QQListTests;
				PRODUCT_NAME = "$(TARGET_NAME)";
				TEST_HOST = "$(BUILT_PRODUCTS_DIR)/QQList.app/QQList";
			};
			name = Debug;
		};
		9A34ECE01BFF1D2A003753A1 /* Release */ = {
			isa = XCBuildConfiguration;
			buildSettings = {
				BUNDLE_LOADER = "$(TEST_HOST)";
				INFOPLIST_FILE = QQListTests/Info.plist;
				LD_RUNPATH_SEARCH_PATHS = "$(inherited) @executable_path/Frameworks @loader_path/Frameworks";
				PRODUCT_BUNDLE_IDENTIFIER = cn.tory.QQListTests;
				PRODUCT_NAME = "$(TARGET_NAME)";
				TEST_HOST = "$(BUILT_PRODUCTS_DIR)/QQList.app/QQList";
			};
			name = Release;
		};
		9A34ECE21BFF1D2A003753A1 /* Debug */ = {
			isa = XCBuildConfiguration;
			buildSettings = {
				INFOPLIST_FILE = QQListUITests/Info.plist;
				LD_RUNPATH_SEARCH_PATHS = "$(inherited) @executable_path/Frameworks @loader_path/Frameworks";
				PRODUCT_BUNDLE_IDENTIFIER = cn.tory.QQListUITests;
				PRODUCT_NAME = "$(TARGET_NAME)";
				TEST_TARGET_NAME = QQList;
				USES_XCTRUNNER = YES;
			};
			name = Debug;
		};
		9A34ECE31BFF1D2A003753A1 /* Release */ = {
			isa = XCBuildConfiguration;
			buildSettings = {
				INFOPLIST_FILE = QQListUITests/Info.plist;
				LD_RUNPATH_SEARCH_PATHS = "$(inherited) @executable_path/Frameworks @loader_path/Frameworks";
				PRODUCT_BUNDLE_IDENTIFIER = cn.tory.QQListUITests;
				PRODUCT_NAME = "$(TARGET_NAME)";
				TEST_TARGET_NAME = QQList;
				USES_XCTRUNNER = YES;
			};
			name = Release;
		};
/* End XCBuildConfiguration section */

/* Begin XCConfigurationList section */
		9A34ECA91BFF1D2A003753A1 /* Build configuration list for PBXProject "QQList" */ = {
			isa = XCConfigurationList;
			buildConfigurations = (
				9A34ECD91BFF1D2A003753A1 /* Debug */,
				9A34ECDA1BFF1D2A003753A1 /* Release */,
			);
			defaultConfigurationIsVisible = 0;
			defaultConfigurationName = Release;
		};
		9A34ECDB1BFF1D2A003753A1 /* Build configuration list for PBXNativeTarget "QQList" */ = {
			isa = XCConfigurationList;
			buildConfigurations = (
				9A34ECDC1BFF1D2A003753A1 /* Debug */,
				9A34ECDD1BFF1D2A003753A1 /* Release */,
			);
			defaultConfigurationIsVisible = 0;
			defaultConfigurationName = Release;
		};
		9A34ECDE1BFF1D2A003753A1 /* Build configuration list for PBXNativeTarget "QQListTests" */ = {
			isa = XCConfigurationList;
			buildConfigurations = (
				9A34ECDF1BFF1D2A003753A1 /* Debug */,
				9A34ECE01BFF1D2A003753A1 /* Release */,
			);
			defaultConfigurationIsVisible = 0;
			defaultConfigurationName = Release;
		};
		9A34ECE11BFF1D2A003753A1 /* Build configuration list for PBXNativeTarget "QQListUITests" */ = {
			isa = XCConfigurationList;
			buildConfigurations = (
				9A34ECE21BFF1D2A003753A1 /* Debug */,
				9A34ECE31BFF1D2A003753A1 /* Release */,
			);
			defaultConfigurationIsVisible = 0;
			defaultConfigurationName = Release;
		};
/* End XCConfigurationList section */
	};
	rootObject = 9A34ECA61BFF1D2A003753A1 /* Project object */;
}
